
Microsoft Visual Studio Solution File, Format Version 12.00
# Visual Studio Version 17
VisualStudioVersion = 17.3.32825.248
MinimumVisualStudioVersion = 10.0.40219.1
Project("{FAE04EC0-301F-11D3-BF4B-00C04F79EFBC}") = "CommercialDAL", "CommercialDAL\CommercialDAL.csproj", "{833EABCD-2857-4743-B32D-6601CFC72F0D}"
EndProject
Project("{FAE04EC0-301F-11D3-BF4B-00C04F79EFBC}") = "CommercialBLL", "CommercialBLL\CommercialBLL.csproj", "{0C7F9CBD-5D92-4612-B730-2641D37BAA55}"
EndProject
Project("{FAE04EC0-301F-11D3-BF4B-00C04F79EFBC}") = "CommercialBO", "CommercialBO\CommercialBO.csproj", "{ED667250-6AA2-4847-8484-E9C1E7D2193D}"
EndProject
Project("{FAE04EC0-301F-11D3-BF4B-00C04F79EFBC}") = "CommercialGUI", "CommercialGUI\CommercialGUI.csproj", "{3651CDFA-0B00-4123-976A-D73370A547D0}"
EndProject
Global
	GlobalSection(SolutionConfigurationPlatforms) = preSolution
		Debug|Any CPU = Debug|Any CPU
		Release|Any CPU = Release|Any CPU
	EndGlobalSection
	GlobalSection(ProjectConfigurationPlatforms) = postSolution
		{833EABCD-2857-4743-B32D-6601CFC72F0D}.Debug|Any CPU.ActiveCfg = Debug|Any CPU
		{833EABCD-2857-4743-B32D-6601CFC72F0D}.Debug|Any CPU.Build.0 = Debug|Any CPU
		{833EABCD-2857-4743-B32D-6601CFC72F0D}.Release|Any CPU.ActiveCfg = Release|Any CPU
		{833EABCD-2857-4743-B32D-6601CFC72F0D}.Release|Any CPU.Build.0 = Release|Any CPU
		{0C7F9CBD-5D92-4612-B730-2641D37BAA55}.Debug|Any CPU.ActiveCfg = Debug|Any CPU
		{0C7F9CBD-5D92-4612-B730-2641D37BAA55}.Debug|Any CPU.Build.0 = Debug|Any CPU
		{0C7F9CBD-5D92-4612-B730-2641D37BAA55}.Release|Any CPU.ActiveCfg = Release|Any CPU
		{0C7F9CBD-5D92-4612-B730-2641D37BAA55}.Release|Any CPU.Build.0 = Release|Any CPU
		{ED667250-6AA2-4847-8484-E9C1E7D2193D}.Debug|Any CPU.ActiveCfg = Debug|Any CPU
		{ED667250-6AA2-4847-8484-E9C1E7D2193D}.Debug|Any CPU.Build.0 = Debug|Any CPU
		{ED667250-6AA2-4847-8484-E9C1E7D2193D}.Release|Any CPU.ActiveCfg = Release|Any CPU
		{ED667250-6AA2-4847-8484-E9C1E7D2193D}.Release|Any CPU.Build.0 = Release|Any CPU
		{3651CDFA-0B00-4123-976A-D73370A547D0}.Debug|Any CPU.ActiveCfg = Debug|Any CPU
		{3651CDFA-0B00-4123-976A-D73370A547D0}.Debug|Any CPU.Build.0 = Debug|Any CPU
		{3651CDFA-0B00-4123-976A-D73370A547D0}.Release|Any CPU.ActiveCfg = Release|Any CPU
		{3651CDFA-0B00-4123-976A-D73370A547D0}.Release|Any CPU.Build.0 = Release|Any CPU
	EndGlobalSection
	GlobalSection(SolutionProperties) = preSolution
		HideSolutionNode = FALSE
	EndGlobalSection
	GlobalSection(ExtensibilityGlobals) = postSolution
		SolutionGuid = {A75FF766-1BA6-4A60-A9FE-62237CC4570A}
	EndGlobalSection
EndGlobal
