
Microsoft Visual Studio Solution File, Format Version 12.00
# Visual Studio Version 17
VisualStudioVersion = 17.3.32825.248
MinimumVisualStudioVersion = 10.0.40219.1
Project("{9A19103F-16F7-4668-BE54-9A1E7A4F7556}") = "CommercialDAL", "CommercialDAL\CommercialDAL.csproj", "{0BDC6F2B-D05B-4462-9520-084862F2CC06}"
EndProject
Project("{9A19103F-16F7-4668-BE54-9A1E7A4F7556}") = "CommercialBLL", "CommercialBLL\CommercialBLL.csproj", "{83199B6E-1061-4B50-9866-219A24F3720B}"
EndProject
Project("{9A19103F-16F7-4668-BE54-9A1E7A4F7556}") = "CommercialBO", "CommercialBO\CommercialBO.csproj", "{9A864213-482E-40AC-B391-72119D9E4AF3}"
EndProject
Project("{FAE04EC0-301F-11D3-BF4B-00C04F79EFBC}") = "CommercialGUI", "CommercialGUI\CommercialGUI.csproj", "{36880911-DC27-4ABC-A27C-F5D7D1D97535}"
EndProject
Global
	GlobalSection(SolutionConfigurationPlatforms) = preSolution
		Debug|Any CPU = Debug|Any CPU
		Release|Any CPU = Release|Any CPU
	EndGlobalSection
	GlobalSection(ProjectConfigurationPlatforms) = postSolution
		{0BDC6F2B-D05B-4462-9520-084862F2CC06}.Debug|Any CPU.ActiveCfg = Debug|Any CPU
		{0BDC6F2B-D05B-4462-9520-084862F2CC06}.Debug|Any CPU.Build.0 = Debug|Any CPU
		{0BDC6F2B-D05B-4462-9520-084862F2CC06}.Release|Any CPU.ActiveCfg = Release|Any CPU
		{0BDC6F2B-D05B-4462-9520-084862F2CC06}.Release|Any CPU.Build.0 = Release|Any CPU
		{83199B6E-1061-4B50-9866-219A24F3720B}.Debug|Any CPU.ActiveCfg = Debug|Any CPU
		{83199B6E-1061-4B50-9866-219A24F3720B}.Debug|Any CPU.Build.0 = Debug|Any CPU
		{83199B6E-1061-4B50-9866-219A24F3720B}.Release|Any CPU.ActiveCfg = Release|Any CPU
		{83199B6E-1061-4B50-9866-219A24F3720B}.Release|Any CPU.Build.0 = Release|Any CPU
		{9A864213-482E-40AC-B391-72119D9E4AF3}.Debug|Any CPU.ActiveCfg = Debug|Any CPU
		{9A864213-482E-40AC-B391-72119D9E4AF3}.Debug|Any CPU.Build.0 = Debug|Any CPU
		{9A864213-482E-40AC-B391-72119D9E4AF3}.Release|Any CPU.ActiveCfg = Release|Any CPU
		{9A864213-482E-40AC-B391-72119D9E4AF3}.Release|Any CPU.Build.0 = Release|Any CPU
		{36880911-DC27-4ABC-A27C-F5D7D1D97535}.Debug|Any CPU.ActiveCfg = Debug|Any CPU
		{36880911-DC27-4ABC-A27C-F5D7D1D97535}.Debug|Any CPU.Build.0 = Debug|Any CPU
		{36880911-DC27-4ABC-A27C-F5D7D1D97535}.Release|Any CPU.ActiveCfg = Release|Any CPU
		{36880911-DC27-4ABC-A27C-F5D7D1D97535}.Release|Any CPU.Build.0 = Release|Any CPU
	EndGlobalSection
	GlobalSection(SolutionProperties) = preSolution
		HideSolutionNode = FALSE
	EndGlobalSection
	GlobalSection(ExtensibilityGlobals) = postSolution
		SolutionGuid = {A75FF766-1BA6-4A60-A9FE-62237CC4570A}
	EndGlobalSection
EndGlobal
